
Microsoft Visual Studio Solution File, Format Version 12.00
# Visual Studio Version 17
VisualStudioVersion = 17.4.33110.190
MinimumVisualStudioVersion = 10.0.40219.1
Project("{9A19103F-16F7-4668-BE54-9A1E7A4F7556}") = "GhostBot", "EggsBot\GhostBot.csproj", "{10620BCC-E3E3-4E15-B7D9-65D002A8FDEE}"
EndProject
Global
	GlobalSection(SolutionConfigurationPlatforms) = preSolution
		Debug|Any CPU = Debug|Any CPU
		Release|Any CPU = Release|Any CPU
	EndGlobalSection
	GlobalSection(ProjectConfigurationPlatforms) = postSolution
		{10620BCC-E3E3-4E15-B7D9-65D002A8FDEE}.Debug|Any CPU.ActiveCfg = Debug|Any CPU
		{10620BCC-E3E3-4E15-B7D9-65D002A8FDEE}.Debug|Any CPU.Build.0 = Debug|Any CPU
		{10620BCC-E3E3-4E15-B7D9-65D002A8FDEE}.Release|Any CPU.ActiveCfg = Release|Any CPU
		{10620BCC-E3E3-4E15-B7D9-65D002A8FDEE}.Release|Any CPU.Build.0 = Release|Any CPU
	EndGlobalSection
	GlobalSection(SolutionProperties) = preSolution
		HideSolutionNode = FALSE
	EndGlobalSection
	GlobalSection(ExtensibilityGlobals) = postSolution
		SolutionGuid = {E73520CE-9AF3-4BB5-8822-1603A1BB38F0}
	EndGlobalSection
EndGlobal
